PODS:
  - cloud_firestore (4.8.4):
    - Firebase/Firestore (= 10.12.0)
    - firebase_core
    - Flutter
    - nanopb (< 2.30910.0, >= 2.30908.0)
  - Firebase/Auth (10.12.0):
    - Firebase/CoreOnly
    - FirebaseAuth (~> 10.12.0)
  - Firebase/CoreOnly (10.12.0):
    - FirebaseCore (= 10.12.0)
  - Firebase/Firestore (10.12.0):
    - Firebase/CoreOnly
    - FirebaseFirestore (~> 10.12.0)
  - Firebase/Storage (10.12.0):
    - Firebase/CoreOnly
    - FirebaseStorage (~> 10.12.0)
  - firebase_auth (4.7.2):
    - Firebase/Auth (= 10.12.0)
    - firebase_core
    - Flutter
  - firebase_core (2.15.0):
    - Firebase/CoreOnly (= 10.12.0)
    - Flutter
  - firebase_storage (11.2.5):
    - Firebase/Storage (= 10.12.0)
    - firebase_core
    - Flutter
  - FirebaseAppCheckInterop (10.12.0)
  - FirebaseAuth (10.12.0):
    - FirebaseAppCheckInterop (~> 10.0)
    - FirebaseCore (~> 10.0)
    - GoogleUtilities/AppDelegateSwizzler (~> 7.8)
    - GoogleUtilities/Environment (~> 7.8)
    - GTMSessionFetcher/Core (< 4.0, >= 2.1)
  - FirebaseAuthInterop (10.12.0)
  - FirebaseCore (10.12.0):
    - FirebaseCoreInternal (~> 10.0)
    - GoogleUtilities/Environment (~> 7.8)
    - GoogleUtilities/Logger (~> 7.8)
  - FirebaseCoreExtension (10.12.0):
    - FirebaseCore (~> 10.0)
  - FirebaseCoreInternal (10.12.0):
    - "GoogleUtilities/NSData+zlib (~> 7.8)"
  - FirebaseFirestore (10.12.0):
    - FirebaseFirestore/AutodetectLeveldb (= 10.12.0)
  - FirebaseFirestore/AutodetectLeveldb (10.12.0):
    - FirebaseFirestore/Base
    - FirebaseFirestore/WithLeveldb
  - FirebaseFirestore/Base (10.12.0)
  - FirebaseFirestore/WithLeveldb (10.12.0):
    - FirebaseFirestore/Base
  - FirebaseStorage (10.12.0):
    - FirebaseAppCheckInterop (~> 10.0)
    - FirebaseAuthInterop (~> 10.0)
    - FirebaseCore (~> 10.0)
    - FirebaseCoreExtension (~> 10.0)
    - GTMSessionFetcher/Core (< 4.0, >= 2.1)
  - Flutter (1.0.0)
  - FMDB (2.7.5):
    - FMDB/standard (= 2.7.5)
  - FMDB/standard (2.7.5)
  - GoogleUtilities/AppDelegateSwizzler (7.11.4):
    - GoogleUtilities/Environment
    - GoogleUtilities/Logger
    - GoogleUtilities/Network
  - GoogleUtilities/Environment (7.11.4):
    - PromisesObjC (< 3.0, >= 1.2)
  - GoogleUtilities/Logger (7.11.4):
    - GoogleUtilities/Environment
  - GoogleUtilities/Network (7.11.4):
    - GoogleUtilities/Logger
    - "GoogleUtilities/NSData+zlib"
    - GoogleUtilities/Reachability
  - "GoogleUtilities/NSData+zlib (7.11.4)"
  - GoogleUtilities/Reachability (7.11.4):
    - GoogleUtilities/Logger
  - GTMSessionFetcher/Core (3.1.1)
  - integration_test (0.0.1):
    - Flutter
  - nanopb (2.30909.0):
    - nanopb/decode (= 2.30909.0)
    - nanopb/encode (= 2.30909.0)
  - nanopb/decode (2.30909.0)
  - nanopb/encode (2.30909.0)
  - path_provider_foundation (0.0.1):
    - Flutter
    - FlutterMacOS
  - PromisesObjC (2.3.1)
  - sqflite (0.0.3):
    - Flutter
    - FMDB (>= 2.7.5)

DEPENDENCIES:
  - cloud_firestore (from `.symlinks/plugins/cloud_firestore/ios`)
  - firebase_auth (from `.symlinks/plugins/firebase_auth/ios`)
  - firebase_core (from `.symlinks/plugins/firebase_core/ios`)
  - firebase_storage (from `.symlinks/plugins/firebase_storage/ios`)
  - FirebaseFirestore (from `https://github.com/invertase/firestore-ios-sdk-frameworks.git`, tag `10.12.0`)
  - Flutter (from `Flutter`)
  - integration_test (from `.symlinks/plugins/integration_test/ios`)
  - path_provider_foundation (from `.symlinks/plugins/path_provider_foundation/darwin`)
  - sqflite (from `.symlinks/plugins/sqflite/ios`)

SPEC REPOS:
  trunk:
    - Firebase
    - FirebaseAppCheckInterop
    - FirebaseAuth
    - FirebaseAuthInterop
    - FirebaseCore
    - FirebaseCoreExtension
    - FirebaseCoreInternal
    - FirebaseStorage
    - FMDB
    - GoogleUtilities
    - GTMSessionFetcher
    - nanopb
    - PromisesObjC

EXTERNAL SOURCES:
  cloud_firestore:
    :path: ".symlinks/plugins/cloud_firestore/ios"
  firebase_auth:
    :path: ".symlinks/plugins/firebase_auth/ios"
  firebase_core:
    :path: ".symlinks/plugins/firebase_core/ios"
  firebase_storage:
    :path: ".symlinks/plugins/firebase_storage/ios"
  FirebaseFirestore:
    :git: https://github.com/invertase/firestore-ios-sdk-frameworks.git
    :tag: 10.12.0
  Flutter:
    :path: Flutter
  integration_test:
    :path: ".symlinks/plugins/integration_test/ios"
  path_provider_foundation:
    :path: ".symlinks/plugins/path_provider_foundation/darwin"
  sqflite:
    :path: ".symlinks/plugins/sqflite/ios"

CHECKOUT OPTIONS:
  FirebaseFirestore:
    :git: https://github.com/invertase/firestore-ios-sdk-frameworks.git
    :tag: 10.12.0

SPEC CHECKSUMS:
  cloud_firestore: 005e157ad342dbfb2e461cb111a9020aa71bfb22
  Firebase: 07150e75d142fb9399f6777fa56a187b17f833a0
  firebase_auth: 3f7820b22557dd4a1b024f4d86947d1a0ff8a10f
  firebase_core: e477125798fc37cd4ab43ca6a8536bf7e0929c00
  firebase_storage: d5c1b95383db1230d9fed88c76cb257d8d1ec1d6
  FirebaseAppCheckInterop: f95a4feb9089867aff1a4bdc2ce309137e07736a
  FirebaseAuth: a66c1e14ec58f41d154a4b41ce1a23ea00ad4805
  FirebaseAuthInterop: 047153f3c2928822032190aa5194e332670a0d66
  FirebaseCore: f86a1394906b97ac445ae49c92552a9425831bed
  FirebaseCoreExtension: 0ce5ac36042001cfa233ce7bfa28e5c313cf80f4
  FirebaseCoreInternal: 950500ad8a08963657f6d8c67b579740c06d6aa1
  FirebaseFirestore: 8d9dd05bb50e0891ebe4fdd9bd0f9b9d22ea5556
  FirebaseStorage: 1d7ca8c8953fc61ccacaa7c612696b5402968a0d
  Flutter: f04841e97a9d0b0a8025694d0796dd46242b2854
  FMDB: 2ce00b547f966261cd18927a3ddb07cb6f3db82a
  GoogleUtilities: c63691989bf362ba0505507da00eeb326192e83e
  GTMSessionFetcher: e8647203b65cee28c5f73d0f473d096653945e72
  integration_test: 13825b8a9334a850581300559b8839134b124670
  nanopb: b552cce312b6c8484180ef47159bc0f65a1f0431
  path_provider_foundation: eaf5b3e458fc0e5fbb9940fb09980e853fe058b8
  PromisesObjC: c50d2056b5253dadbd6c2bea79b0674bd5a52fa4
  sqflite: 31f7eba61e3074736dff8807a9b41581e4f7f15a

PODFILE CHECKSUM: 77b77fa673890150c39b935af84d0e9865fc9027

COCOAPODS: 1.12.1
